
Microsoft Visual Studio Solution File, Format Version 12.00
# Visual Studio Version 17
VisualStudioVersion = 17.7.34202.233
MinimumVisualStudioVersion = 10.0.40219.1
Project("{FAE04EC0-301F-11D3-BF4B-00C04F79EFBC}") = "WindowsFormsApp1", "WindowsFormsApp1\WindowsFormsApp1.csproj", "{4FBF0392-7654-4C74-B98A-A054E071BA92}"
EndProject
Global
	GlobalSection(SolutionConfigurationPlatforms) = preSolution
		Debug|Any CPU = Debug|Any CPU
		Release|Any CPU = Release|Any CPU
	EndGlobalSection
	GlobalSection(ProjectConfigurationPlatforms) = postSolution
		{4FBF0392-7654-4C74-B98A-A054E071BA92}.Debug|Any CPU.ActiveCfg = Debug|Any CPU
		{4FBF0392-7654-4C74-B98A-A054E071BA92}.Debug|Any CPU.Build.0 = Debug|Any CPU
		{4FBF0392-7654-4C74-B98A-A054E071BA92}.Release|Any CPU.ActiveCfg = Release|Any CPU
		{4FBF0392-7654-4C74-B98A-A054E071BA92}.Release|Any CPU.Build.0 = Release|Any CPU
	EndGlobalSection
	GlobalSection(SolutionProperties) = preSolution
		HideSolutionNode = FALSE
	EndGlobalSection
	GlobalSection(ExtensibilityGlobals) = postSolution
		SolutionGuid = {EF531CDD-A1EC-4008-BA4F-31DD9E5B6DA8}
	EndGlobalSection
EndGlobal
